// !$*UTF8*$!
{
	archiveVersion = 1;
	classes = {
	};
	objectVersion = 46;
	objects = {

/* Begin PBXBuildFile section */
		252982EE1C4FD21400281098 /* StoreType.swift in Sources */ = {isa = PBXBuildFile; fileRef = 252982ED1C4FD21400281098 /* StoreType.swift */; };
		252982EF1C4FD21400281098 /* StoreType.swift in Sources */ = {isa = PBXBuildFile; fileRef = 252982ED1C4FD21400281098 /* StoreType.swift */; };
		252982F01C4FD21400281098 /* StoreType.swift in Sources */ = {isa = PBXBuildFile; fileRef = 252982ED1C4FD21400281098 /* StoreType.swift */; };
		252982F11C4FD21400281098 /* StoreType.swift in Sources */ = {isa = PBXBuildFile; fileRef = 252982ED1C4FD21400281098 /* StoreType.swift */; };
		259737EA1C2C611600869B8F /* StoreMiddlewareTests.swift in Sources */ = {isa = PBXBuildFile; fileRef = 259737E91C2C611600869B8F /* StoreMiddlewareTests.swift */; };
		259737FB1C2C618A00869B8F /* TestFakes.swift in Sources */ = {isa = PBXBuildFile; fileRef = 259737FA1C2C618A00869B8F /* TestFakes.swift */; };
		259737FD1C2C661100869B8F /* Middleware.swift in Sources */ = {isa = PBXBuildFile; fileRef = 259737FC1C2C661100869B8F /* Middleware.swift */; };
		25AB3B811C54A84500A41513 /* StoreSubscriberTests.swift in Sources */ = {isa = PBXBuildFile; fileRef = 25AB3B7F1C54A79F00A41513 /* StoreSubscriberTests.swift */; };
		25AB3B821C54A84600A41513 /* StoreSubscriberTests.swift in Sources */ = {isa = PBXBuildFile; fileRef = 25AB3B7F1C54A79F00A41513 /* StoreSubscriberTests.swift */; };
		25AB3B831C54A84700A41513 /* StoreSubscriberTests.swift in Sources */ = {isa = PBXBuildFile; fileRef = 25AB3B7F1C54A79F00A41513 /* StoreSubscriberTests.swift */; };
		25DBCF401C30C16000D63A58 /* Action.swift in Sources */ = {isa = PBXBuildFile; fileRef = 625E66B61C1FFC880027C288 /* Action.swift */; };
		25DBCF411C30C16000D63A58 /* Store.swift in Sources */ = {isa = PBXBuildFile; fileRef = 625E66B71C1FFC880027C288 /* Store.swift */; };
		25DBCF421C30C16000D63A58 /* Reducer.swift in Sources */ = {isa = PBXBuildFile; fileRef = 625E66B81C1FFC880027C288 /* Reducer.swift */; };
		25DBCF431C30C16000D63A58 /* State.swift in Sources */ = {isa = PBXBuildFile; fileRef = 625E66B91C1FFC880027C288 /* State.swift */; };
		25DBCF451C30C16000D63A58 /* StoreSubscriber.swift in Sources */ = {isa = PBXBuildFile; fileRef = 625E66BB1C1FFC880027C288 /* StoreSubscriber.swift */; };
		25DBCF461C30C16000D63A58 /* Middleware.swift in Sources */ = {isa = PBXBuildFile; fileRef = 259737FC1C2C661100869B8F /* Middleware.swift */; };
		25DBCF471C30C16000D63A58 /* Coding.swift in Sources */ = {isa = PBXBuildFile; fileRef = 625E66B11C1FFC830027C288 /* Coding.swift */; };
		25DBCF481C30C16000D63A58 /* TypeHelper.swift in Sources */ = {isa = PBXBuildFile; fileRef = 625E66B21C1FFC830027C288 /* TypeHelper.swift */; };
		25DBCF571C30C19500D63A58 /* Action.swift in Sources */ = {isa = PBXBuildFile; fileRef = 625E66B61C1FFC880027C288 /* Action.swift */; };
		25DBCF581C30C19500D63A58 /* Store.swift in Sources */ = {isa = PBXBuildFile; fileRef = 625E66B71C1FFC880027C288 /* Store.swift */; };
		25DBCF591C30C19500D63A58 /* Reducer.swift in Sources */ = {isa = PBXBuildFile; fileRef = 625E66B81C1FFC880027C288 /* Reducer.swift */; };
		25DBCF5A1C30C19500D63A58 /* State.swift in Sources */ = {isa = PBXBuildFile; fileRef = 625E66B91C1FFC880027C288 /* State.swift */; };
		25DBCF5C1C30C19500D63A58 /* StoreSubscriber.swift in Sources */ = {isa = PBXBuildFile; fileRef = 625E66BB1C1FFC880027C288 /* StoreSubscriber.swift */; };
		25DBCF5D1C30C19500D63A58 /* Middleware.swift in Sources */ = {isa = PBXBuildFile; fileRef = 259737FC1C2C661100869B8F /* Middleware.swift */; };
		25DBCF5E1C30C19500D63A58 /* Coding.swift in Sources */ = {isa = PBXBuildFile; fileRef = 625E66B11C1FFC830027C288 /* Coding.swift */; };
		25DBCF5F1C30C19500D63A58 /* TypeHelper.swift in Sources */ = {isa = PBXBuildFile; fileRef = 625E66B21C1FFC830027C288 /* TypeHelper.swift */; };
		25DBCF691C30C1AC00D63A58 /* ReSwift.framework in Frameworks */ = {isa = PBXBuildFile; fileRef = 25DBCF4E1C30C18D00D63A58 /* ReSwift.framework */; };
		25DBCF711C30C34000D63A58 /* StoreTests.swift in Sources */ = {isa = PBXBuildFile; fileRef = 625E66A61C1FFA640027C288 /* StoreTests.swift */; };
		25DBCF721C30C34000D63A58 /* StoreMiddlewareTests.swift in Sources */ = {isa = PBXBuildFile; fileRef = 259737E91C2C611600869B8F /* StoreMiddlewareTests.swift */; };
		25DBCF741C30C34000D63A58 /* TypeHelperTests.swift in Sources */ = {isa = PBXBuildFile; fileRef = 621C068B1C278BEF008029AE /* TypeHelperTests.swift */; };
		25DBCF751C30C34000D63A58 /* TestFakes.swift in Sources */ = {isa = PBXBuildFile; fileRef = 259737FA1C2C618A00869B8F /* TestFakes.swift */; };
		25DBCF8C1C30C4DB00D63A58 /* ReSwift.framework in Frameworks */ = {isa = PBXBuildFile; fileRef = 25DBCF7B1C30C4AA00D63A58 /* ReSwift.framework */; };
		25DBCF931C30C4F000D63A58 /* Action.swift in Sources */ = {isa = PBXBuildFile; fileRef = 625E66B61C1FFC880027C288 /* Action.swift */; };
		25DBCF941C30C4F000D63A58 /* Store.swift in Sources */ = {isa = PBXBuildFile; fileRef = 625E66B71C1FFC880027C288 /* Store.swift */; };
		25DBCF951C30C4F000D63A58 /* Reducer.swift in Sources */ = {isa = PBXBuildFile; fileRef = 625E66B81C1FFC880027C288 /* Reducer.swift */; };
		25DBCF961C30C4F000D63A58 /* State.swift in Sources */ = {isa = PBXBuildFile; fileRef = 625E66B91C1FFC880027C288 /* State.swift */; };
		25DBCF981C30C4F000D63A58 /* StoreSubscriber.swift in Sources */ = {isa = PBXBuildFile; fileRef = 625E66BB1C1FFC880027C288 /* StoreSubscriber.swift */; };
		25DBCF991C30C4F000D63A58 /* Middleware.swift in Sources */ = {isa = PBXBuildFile; fileRef = 259737FC1C2C661100869B8F /* Middleware.swift */; };
		25DBCF9A1C30C4F000D63A58 /* Coding.swift in Sources */ = {isa = PBXBuildFile; fileRef = 625E66B11C1FFC830027C288 /* Coding.swift */; };
		25DBCF9B1C30C4F000D63A58 /* TypeHelper.swift in Sources */ = {isa = PBXBuildFile; fileRef = 625E66B21C1FFC830027C288 /* TypeHelper.swift */; };
		25DBCF9C1C30C50000D63A58 /* StoreTests.swift in Sources */ = {isa = PBXBuildFile; fileRef = 625E66A61C1FFA640027C288 /* StoreTests.swift */; };
		25DBCF9D1C30C50000D63A58 /* StoreMiddlewareTests.swift in Sources */ = {isa = PBXBuildFile; fileRef = 259737E91C2C611600869B8F /* StoreMiddlewareTests.swift */; };
		25DBCF9F1C30C50000D63A58 /* TypeHelperTests.swift in Sources */ = {isa = PBXBuildFile; fileRef = 621C068B1C278BEF008029AE /* TypeHelperTests.swift */; };
		25DBCFA01C30C50000D63A58 /* TestFakes.swift in Sources */ = {isa = PBXBuildFile; fileRef = 259737FA1C2C618A00869B8F /* TestFakes.swift */; };
		3F13C0EB1E7B3E4000D8442C /* SwiftLintIntegration.swift in Sources */ = {isa = PBXBuildFile; fileRef = 3F13C0EA1E7B3E4000D8442C /* SwiftLintIntegration.swift */; };
		3F13C0ED1E7B3E4000D8442C /* ReSwift.framework in Frameworks */ = {isa = PBXBuildFile; fileRef = 625E66831C1FF97E0027C288 /* ReSwift.framework */; };
		621C068C1C278BEF008029AE /* TypeHelperTests.swift in Sources */ = {isa = PBXBuildFile; fileRef = 621C068B1C278BEF008029AE /* TypeHelperTests.swift */; };
		625AA6331C33AFB600FEB431 /* StandardActionTests.swift in Sources */ = {isa = PBXBuildFile; fileRef = 625AA6311C33AFA600FEB431 /* StandardActionTests.swift */; };
		625AA6341C33AFB700FEB431 /* StandardActionTests.swift in Sources */ = {isa = PBXBuildFile; fileRef = 625AA6311C33AFA600FEB431 /* StandardActionTests.swift */; };
		625AA6351C33AFB800FEB431 /* StandardActionTests.swift in Sources */ = {isa = PBXBuildFile; fileRef = 625AA6311C33AFA600FEB431 /* StandardActionTests.swift */; };
		625E66871C1FF97E0027C288 /* ReSwift.h in Headers */ = {isa = PBXBuildFile; fileRef = 625E66861C1FF97E0027C288 /* ReSwift.h */; settings = {ATTRIBUTES = (Public, ); }; };
		625E669F1C1FFA3C0027C288 /* ReSwift.framework in Frameworks */ = {isa = PBXBuildFile; fileRef = 625E66831C1FF97E0027C288 /* ReSwift.framework */; };
		625E66A71C1FFA640027C288 /* StoreTests.swift in Sources */ = {isa = PBXBuildFile; fileRef = 625E66A61C1FFA640027C288 /* StoreTests.swift */; };
		625E66B31C1FFC830027C288 /* Coding.swift in Sources */ = {isa = PBXBuildFile; fileRef = 625E66B11C1FFC830027C288 /* Coding.swift */; };
		625E66B41C1FFC830027C288 /* TypeHelper.swift in Sources */ = {isa = PBXBuildFile; fileRef = 625E66B21C1FFC830027C288 /* TypeHelper.swift */; };
		625E66BC1C1FFC880027C288 /* Action.swift in Sources */ = {isa = PBXBuildFile; fileRef = 625E66B61C1FFC880027C288 /* Action.swift */; };
		625E66BD1C1FFC880027C288 /* Store.swift in Sources */ = {isa = PBXBuildFile; fileRef = 625E66B71C1FFC880027C288 /* Store.swift */; };
		625E66BE1C1FFC880027C288 /* Reducer.swift in Sources */ = {isa = PBXBuildFile; fileRef = 625E66B81C1FFC880027C288 /* Reducer.swift */; };
		625E66BF1C1FFC880027C288 /* State.swift in Sources */ = {isa = PBXBuildFile; fileRef = 625E66B91C1FFC880027C288 /* State.swift */; };
		625E66C11C1FFC880027C288 /* StoreSubscriber.swift in Sources */ = {isa = PBXBuildFile; fileRef = 625E66BB1C1FFC880027C288 /* StoreSubscriber.swift */; };
		73723E041D30AEF3006139F0 /* XCTest+Compatibility.swift in Sources */ = {isa = PBXBuildFile; fileRef = 73723E031D30AEF3006139F0 /* XCTest+Compatibility.swift */; };
		73723E051D30AEF3006139F0 /* XCTest+Compatibility.swift in Sources */ = {isa = PBXBuildFile; fileRef = 73723E031D30AEF3006139F0 /* XCTest+Compatibility.swift */; };
		73723E061D30AEF3006139F0 /* XCTest+Compatibility.swift in Sources */ = {isa = PBXBuildFile; fileRef = 73723E031D30AEF3006139F0 /* XCTest+Compatibility.swift */; };
		73E545D51D22BC3900D114E8 /* Assertions.swift in Sources */ = {isa = PBXBuildFile; fileRef = 73E545D41D22BC3900D114E8 /* Assertions.swift */; };
		73E545D61D22BC3900D114E8 /* Assertions.swift in Sources */ = {isa = PBXBuildFile; fileRef = 73E545D41D22BC3900D114E8 /* Assertions.swift */; };
		73E545D71D22BC3900D114E8 /* Assertions.swift in Sources */ = {isa = PBXBuildFile; fileRef = 73E545D41D22BC3900D114E8 /* Assertions.swift */; };
		73E545D81D22BC3900D114E8 /* Assertions.swift in Sources */ = {isa = PBXBuildFile; fileRef = 73E545D41D22BC3900D114E8 /* Assertions.swift */; };
		73E545DA1D22BCD600D114E8 /* XCTest+Assertions.swift in Sources */ = {isa = PBXBuildFile; fileRef = 73E545D91D22BCD600D114E8 /* XCTest+Assertions.swift */; };
		73E545DB1D22BCD600D114E8 /* XCTest+Assertions.swift in Sources */ = {isa = PBXBuildFile; fileRef = 73E545D91D22BCD600D114E8 /* XCTest+Assertions.swift */; };
		73E545DC1D22BCD600D114E8 /* XCTest+Assertions.swift in Sources */ = {isa = PBXBuildFile; fileRef = 73E545D91D22BCD600D114E8 /* XCTest+Assertions.swift */; };
		73F39F341D3EE3C300DFFE62 /* StoreDispatchTests.swift in Sources */ = {isa = PBXBuildFile; fileRef = 73F39F331D3EE3C300DFFE62 /* StoreDispatchTests.swift */; };
		73F39F351D3EE3C300DFFE62 /* StoreDispatchTests.swift in Sources */ = {isa = PBXBuildFile; fileRef = 73F39F331D3EE3C300DFFE62 /* StoreDispatchTests.swift */; };
		73F39F361D3EE3C300DFFE62 /* StoreDispatchTests.swift in Sources */ = {isa = PBXBuildFile; fileRef = 73F39F331D3EE3C300DFFE62 /* StoreDispatchTests.swift */; };
		73F39F381D3EE46A00DFFE62 /* StoreSubscriptionTests.swift in Sources */ = {isa = PBXBuildFile; fileRef = 73F39F371D3EE46A00DFFE62 /* StoreSubscriptionTests.swift */; };
		73F39F391D3EE46A00DFFE62 /* StoreSubscriptionTests.swift in Sources */ = {isa = PBXBuildFile; fileRef = 73F39F371D3EE46A00DFFE62 /* StoreSubscriptionTests.swift */; };
		73F39F3A1D3EE46A00DFFE62 /* StoreSubscriptionTests.swift in Sources */ = {isa = PBXBuildFile; fileRef = 73F39F371D3EE46A00DFFE62 /* StoreSubscriptionTests.swift */; };
		81BCBECE1C63167A00AA4F03 /* Subscription.swift in Sources */ = {isa = PBXBuildFile; fileRef = 81BCBECD1C63167A00AA4F03 /* Subscription.swift */; };
		81BCBECF1C63167A00AA4F03 /* Subscription.swift in Sources */ = {isa = PBXBuildFile; fileRef = 81BCBECD1C63167A00AA4F03 /* Subscription.swift */; };
		81BCBED01C63167A00AA4F03 /* Subscription.swift in Sources */ = {isa = PBXBuildFile; fileRef = 81BCBECD1C63167A00AA4F03 /* Subscription.swift */; };
		81BCBED11C63167A00AA4F03 /* Subscription.swift in Sources */ = {isa = PBXBuildFile; fileRef = 81BCBECD1C63167A00AA4F03 /* Subscription.swift */; };
		B7C9625775EAE647982F3EEE /* libPods-SwiftLintIntegration.a in Frameworks */ = {isa = PBXBuildFile; fileRef = B5C08F1806830A13C9006A27 /* libPods-SwiftLintIntegration.a */; };
		D47D2D561E32C3F50064769E /* DispatchingStoreType.swift in Sources */ = {isa = PBXBuildFile; fileRef = D47D2D551E32C3F50064769E /* DispatchingStoreType.swift */; };
		D47D2D571E32C4170064769E /* DispatchingStoreType.swift in Sources */ = {isa = PBXBuildFile; fileRef = D47D2D551E32C3F50064769E /* DispatchingStoreType.swift */; };
		D47D2D581E32C4180064769E /* DispatchingStoreType.swift in Sources */ = {isa = PBXBuildFile; fileRef = D47D2D551E32C3F50064769E /* DispatchingStoreType.swift */; };
		D47D2D591E32C4190064769E /* DispatchingStoreType.swift in Sources */ = {isa = PBXBuildFile; fileRef = D47D2D551E32C3F50064769E /* DispatchingStoreType.swift */; };
/* End PBXBuildFile section */

/* Begin PBXContainerItemProxy section */
		25DBCF6A1C30C1AC00D63A58 /* PBXContainerItemProxy */ = {
			isa = PBXContainerItemProxy;
			containerPortal = 625E667A1C1FF97E0027C288 /* Project object */;
			proxyType = 1;
			remoteGlobalIDString = 25DBCF4D1C30C18D00D63A58;
			remoteInfo = "ReSwift-tvOS";
		};
		25DBCF8D1C30C4DB00D63A58 /* PBXContainerItemProxy */ = {
			isa = PBXContainerItemProxy;
			containerPortal = 625E667A1C1FF97E0027C288 /* Project object */;
			proxyType = 1;
			remoteGlobalIDString = 25DBCF7A1C30C4AA00D63A58;
			remoteInfo = "ReSwift-Mac";
		};
		3F13C0EE1E7B3E4000D8442C /* PBXContainerItemProxy */ = {
			isa = PBXContainerItemProxy;
			containerPortal = 625E667A1C1FF97E0027C288 /* Project object */;
			proxyType = 1;
			remoteGlobalIDString = 625E66821C1FF97E0027C288;
			remoteInfo = "ReSwift-iOS";
		};
		625E66A01C1FFA3C0027C288 /* PBXContainerItemProxy */ = {
			isa = PBXContainerItemProxy;
			containerPortal = 625E667A1C1FF97E0027C288 /* Project object */;
			proxyType = 1;
			remoteGlobalIDString = 625E66821C1FF97E0027C288;
			remoteInfo = ReSwift;
		};
/* End PBXContainerItemProxy section */

/* Begin PBXFileReference section */
		252982ED1C4FD21400281098 /* StoreType.swift */ = {isa = PBXFileReference; fileEncoding = 4; lastKnownFileType = sourcecode.swift; path = StoreType.swift; sourceTree = "<group>"; };
		259737E91C2C611600869B8F /* StoreMiddlewareTests.swift */ = {isa = PBXFileReference; fileEncoding = 4; lastKnownFileType = sourcecode.swift; path = StoreMiddlewareTests.swift; sourceTree = "<group>"; };
		259737FA1C2C618A00869B8F /* TestFakes.swift */ = {isa = PBXFileReference; fileEncoding = 4; lastKnownFileType = sourcecode.swift; path = TestFakes.swift; sourceTree = "<group>"; };
		259737FC1C2C661100869B8F /* Middleware.swift */ = {isa = PBXFileReference; fileEncoding = 4; lastKnownFileType = sourcecode.swift; path = Middleware.swift; sourceTree = "<group>"; };
		25AB3B7F1C54A79F00A41513 /* StoreSubscriberTests.swift */ = {isa = PBXFileReference; fileEncoding = 4; lastKnownFileType = sourcecode.swift; path = StoreSubscriberTests.swift; sourceTree = "<group>"; };
		25DBCF371C30BF2B00D63A58 /* ReSwift.framework */ = {isa = PBXFileReference; explicitFileType = wrapper.framework; includeInIndex = 0; path = ReSwift.framework; sourceTree = BUILT_PRODUCTS_DIR; };
		25DBCF4E1C30C18D00D63A58 /* ReSwift.framework */ = {isa = PBXFileReference; explicitFileType = wrapper.framework; includeInIndex = 0; path = ReSwift.framework; sourceTree = BUILT_PRODUCTS_DIR; };
		25DBCF641C30C1AC00D63A58 /* ReSwift-tvOSTests.xctest */ = {isa = PBXFileReference; explicitFileType = wrapper.cfbundle; includeInIndex = 0; path = "ReSwift-tvOSTests.xctest"; sourceTree = BUILT_PRODUCTS_DIR; };
		25DBCF7B1C30C4AA00D63A58 /* ReSwift.framework */ = {isa = PBXFileReference; explicitFileType = wrapper.framework; includeInIndex = 0; path = ReSwift.framework; sourceTree = BUILT_PRODUCTS_DIR; };
		25DBCF871C30C4DB00D63A58 /* ReSwift-macOSTests.xctest */ = {isa = PBXFileReference; explicitFileType = wrapper.cfbundle; includeInIndex = 0; path = "ReSwift-macOSTests.xctest"; sourceTree = BUILT_PRODUCTS_DIR; };
		3F13C0E81E7B3E4000D8442C /* SwiftLintIntegration.xctest */ = {isa = PBXFileReference; explicitFileType = wrapper.cfbundle; includeInIndex = 0; path = SwiftLintIntegration.xctest; sourceTree = BUILT_PRODUCTS_DIR; };
		3F13C0EA1E7B3E4000D8442C /* SwiftLintIntegration.swift */ = {isa = PBXFileReference; lastKnownFileType = sourcecode.swift; path = SwiftLintIntegration.swift; sourceTree = "<group>"; };
		3F13C0EC1E7B3E4000D8442C /* Info.plist */ = {isa = PBXFileReference; lastKnownFileType = text.plist.xml; path = Info.plist; sourceTree = "<group>"; };
		5FA6CE811A62136B33F7E836 /* Pods-SwiftLintIntegration.release.xcconfig */ = {isa = PBXFileReference; includeInIndex = 1; lastKnownFileType = text.xcconfig; name = "Pods-SwiftLintIntegration.release.xcconfig"; path = "Pods/Target Support Files/Pods-SwiftLintIntegration/Pods-SwiftLintIntegration.release.xcconfig"; sourceTree = "<group>"; };
		621C068B1C278BEF008029AE /* TypeHelperTests.swift */ = {isa = PBXFileReference; fileEncoding = 4; lastKnownFileType = sourcecode.swift; path = TypeHelperTests.swift; sourceTree = "<group>"; };
		625AA6311C33AFA600FEB431 /* StandardActionTests.swift */ = {isa = PBXFileReference; fileEncoding = 4; lastKnownFileType = sourcecode.swift; path = StandardActionTests.swift; sourceTree = "<group>"; };
		625E66831C1FF97E0027C288 /* ReSwift.framework */ = {isa = PBXFileReference; explicitFileType = wrapper.framework; includeInIndex = 0; path = ReSwift.framework; sourceTree = BUILT_PRODUCTS_DIR; };
		625E66861C1FF97E0027C288 /* ReSwift.h */ = {isa = PBXFileReference; lastKnownFileType = sourcecode.c.h; path = ReSwift.h; sourceTree = "<group>"; };
		625E66881C1FF97E0027C288 /* Info.plist */ = {isa = PBXFileReference; lastKnownFileType = text.plist.xml; path = Info.plist; sourceTree = "<group>"; };
		625E669A1C1FFA3C0027C288 /* ReSwift-iOSTests.xctest */ = {isa = PBXFileReference; explicitFileType = wrapper.cfbundle; includeInIndex = 0; path = "ReSwift-iOSTests.xctest"; sourceTree = BUILT_PRODUCTS_DIR; };
		625E669E1C1FFA3C0027C288 /* Info.plist */ = {isa = PBXFileReference; lastKnownFileType = text.plist.xml; path = Info.plist; sourceTree = "<group>"; };
		625E66A61C1FFA640027C288 /* StoreTests.swift */ = {isa = PBXFileReference; fileEncoding = 4; lastKnownFileType = sourcecode.swift; path = StoreTests.swift; sourceTree = "<group>"; };
		625E66B11C1FFC830027C288 /* Coding.swift */ = {isa = PBXFileReference; fileEncoding = 4; lastKnownFileType = sourcecode.swift; path = Coding.swift; sourceTree = "<group>"; };
		625E66B21C1FFC830027C288 /* TypeHelper.swift */ = {isa = PBXFileReference; fileEncoding = 4; lastKnownFileType = sourcecode.swift; path = TypeHelper.swift; sourceTree = "<group>"; };
		625E66B61C1FFC880027C288 /* Action.swift */ = {isa = PBXFileReference; fileEncoding = 4; lastKnownFileType = sourcecode.swift; path = Action.swift; sourceTree = "<group>"; };
		625E66B71C1FFC880027C288 /* Store.swift */ = {isa = PBXFileReference; fileEncoding = 4; lastKnownFileType = sourcecode.swift; path = Store.swift; sourceTree = "<group>"; };
		625E66B81C1FFC880027C288 /* Reducer.swift */ = {isa = PBXFileReference; fileEncoding = 4; lastKnownFileType = sourcecode.swift; path = Reducer.swift; sourceTree = "<group>"; };
		625E66B91C1FFC880027C288 /* State.swift */ = {isa = PBXFileReference; fileEncoding = 4; lastKnownFileType = sourcecode.swift; path = State.swift; sourceTree = "<group>"; };
		625E66BB1C1FFC880027C288 /* StoreSubscriber.swift */ = {isa = PBXFileReference; fileEncoding = 4; lastKnownFileType = sourcecode.swift; path = StoreSubscriber.swift; sourceTree = "<group>"; };
		73723E031D30AEF3006139F0 /* XCTest+Compatibility.swift */ = {isa = PBXFileReference; fileEncoding = 4; lastKnownFileType = sourcecode.swift; path = "XCTest+Compatibility.swift"; sourceTree = "<group>"; };
		73E545D41D22BC3900D114E8 /* Assertions.swift */ = {isa = PBXFileReference; fileEncoding = 4; lastKnownFileType = sourcecode.swift; path = Assertions.swift; sourceTree = "<group>"; };
		73E545D91D22BCD600D114E8 /* XCTest+Assertions.swift */ = {isa = PBXFileReference; fileEncoding = 4; lastKnownFileType = sourcecode.swift; path = "XCTest+Assertions.swift"; sourceTree = "<group>"; };
		73F39F331D3EE3C300DFFE62 /* StoreDispatchTests.swift */ = {isa = PBXFileReference; fileEncoding = 4; lastKnownFileType = sourcecode.swift; path = StoreDispatchTests.swift; sourceTree = "<group>"; };
		73F39F371D3EE46A00DFFE62 /* StoreSubscriptionTests.swift */ = {isa = PBXFileReference; fileEncoding = 4; lastKnownFileType = sourcecode.swift; path = StoreSubscriptionTests.swift; sourceTree = "<group>"; };
		81BCBECD1C63167A00AA4F03 /* Subscription.swift */ = {isa = PBXFileReference; fileEncoding = 4; lastKnownFileType = sourcecode.swift; path = Subscription.swift; sourceTree = "<group>"; };
		8DA430622E3D093002316DB5 /* Pods-SwiftLintIntegration.debug.xcconfig */ = {isa = PBXFileReference; includeInIndex = 1; lastKnownFileType = text.xcconfig; name = "Pods-SwiftLintIntegration.debug.xcconfig"; path = "Pods/Target Support Files/Pods-SwiftLintIntegration/Pods-SwiftLintIntegration.debug.xcconfig"; sourceTree = "<group>"; };
		B5C08F1806830A13C9006A27 /* libPods-SwiftLintIntegration.a */ = {isa = PBXFileReference; explicitFileType = archive.ar; includeInIndex = 0; path = "libPods-SwiftLintIntegration.a"; sourceTree = BUILT_PRODUCTS_DIR; };
		D47D2D551E32C3F50064769E /* DispatchingStoreType.swift */ = {isa = PBXFileReference; fileEncoding = 4; lastKnownFileType = sourcecode.swift; path = DispatchingStoreType.swift; sourceTree = "<group>"; };
/* End PBXFileReference section */

/* Begin PBXFrameworksBuildPhase section */
		25DBCF331C30BF2B00D63A58 /* Frameworks */ = {
			isa = PBXFrameworksBuildPhase;
			buildActionMask = 2147483647;
			files = (
			);
			runOnlyForDeploymentPostprocessing = 0;
		};
		25DBCF4A1C30C18D00D63A58 /* Frameworks */ = {
			isa = PBXFrameworksBuildPhase;
			buildActionMask = 2147483647;
			files = (
			);
			runOnlyForDeploymentPostprocessing = 0;
		};
		25DBCF611C30C1AC00D63A58 /* Frameworks */ = {
			isa = PBXFrameworksBuildPhase;
			buildActionMask = 2147483647;
			files = (
				25DBCF691C30C1AC00D63A58 /* ReSwift.framework in Frameworks */,
			);
			runOnlyForDeploymentPostprocessing = 0;
		};
		25DBCF771C30C4AA00D63A58 /* Frameworks */ = {
			isa = PBXFrameworksBuildPhase;
			buildActionMask = 2147483647;
			files = (
			);
			runOnlyForDeploymentPostprocessing = 0;
		};
		25DBCF841C30C4DB00D63A58 /* Frameworks */ = {
			isa = PBXFrameworksBuildPhase;
			buildActionMask = 2147483647;
			files = (
				25DBCF8C1C30C4DB00D63A58 /* ReSwift.framework in Frameworks */,
			);
			runOnlyForDeploymentPostprocessing = 0;
		};
		3F13C0E51E7B3E4000D8442C /* Frameworks */ = {
			isa = PBXFrameworksBuildPhase;
			buildActionMask = 2147483647;
			files = (
				3F13C0ED1E7B3E4000D8442C /* ReSwift.framework in Frameworks */,
				B7C9625775EAE647982F3EEE /* libPods-SwiftLintIntegration.a in Frameworks */,
			);
			runOnlyForDeploymentPostprocessing = 0;
		};
		625E667F1C1FF97E0027C288 /* Frameworks */ = {
			isa = PBXFrameworksBuildPhase;
			buildActionMask = 2147483647;
			files = (
			);
			runOnlyForDeploymentPostprocessing = 0;
		};
		625E66971C1FFA3C0027C288 /* Frameworks */ = {
			isa = PBXFrameworksBuildPhase;
			buildActionMask = 2147483647;
			files = (
				625E669F1C1FFA3C0027C288 /* ReSwift.framework in Frameworks */,
			);
			runOnlyForDeploymentPostprocessing = 0;
		};
/* End PBXFrameworksBuildPhase section */

/* Begin PBXGroup section */
		02EE66684F9DEF6554824E17 /* Pods */ = {
			isa = PBXGroup;
			children = (
				8DA430622E3D093002316DB5 /* Pods-SwiftLintIntegration.debug.xcconfig */,
				5FA6CE811A62136B33F7E836 /* Pods-SwiftLintIntegration.release.xcconfig */,
			);
			name = Pods;
			sourceTree = "<group>";
		};
		3F13C0E91E7B3E4000D8442C /* SwiftLintIntegration */ = {
			isa = PBXGroup;
			children = (
				3F13C0EA1E7B3E4000D8442C /* SwiftLintIntegration.swift */,
				3F13C0EC1E7B3E4000D8442C /* Info.plist */,
			);
			path = SwiftLintIntegration;
			sourceTree = "<group>";
		};
		625E66791C1FF97E0027C288 = {
			isa = PBXGroup;
			children = (
				625E66851C1FF97E0027C288 /* ReSwift */,
				625E669B1C1FFA3C0027C288 /* ReSwiftTests */,
				3F13C0E91E7B3E4000D8442C /* SwiftLintIntegration */,
				625E66841C1FF97E0027C288 /* Products */,
				02EE66684F9DEF6554824E17 /* Pods */,
				94839D2BD4CCEE6386BD477E /* Frameworks */,
			);
			sourceTree = "<group>";
		};
		625E66841C1FF97E0027C288 /* Products */ = {
			isa = PBXGroup;
			children = (
				625E66831C1FF97E0027C288 /* ReSwift.framework */,
				625E669A1C1FFA3C0027C288 /* ReSwift-iOSTests.xctest */,
				25DBCF371C30BF2B00D63A58 /* ReSwift.framework */,
				25DBCF4E1C30C18D00D63A58 /* ReSwift.framework */,
				25DBCF641C30C1AC00D63A58 /* ReSwift-tvOSTests.xctest */,
				25DBCF7B1C30C4AA00D63A58 /* ReSwift.framework */,
				25DBCF871C30C4DB00D63A58 /* ReSwift-macOSTests.xctest */,
				3F13C0E81E7B3E4000D8442C /* SwiftLintIntegration.xctest */,
			);
			name = Products;
			sourceTree = "<group>";
		};
		625E66851C1FF97E0027C288 /* ReSwift */ = {
			isa = PBXGroup;
			children = (
				625E66861C1FF97E0027C288 /* ReSwift.h */,
				625E66881C1FF97E0027C288 /* Info.plist */,
				625E66B51C1FFC880027C288 /* CoreTypes */,
				625E66B01C1FFC830027C288 /* Utils */,
			);
			path = ReSwift;
			sourceTree = "<group>";
		};
		625E669B1C1FFA3C0027C288 /* ReSwiftTests */ = {
			isa = PBXGroup;
			children = (
				625E669E1C1FFA3C0027C288 /* Info.plist */,
				625AA6311C33AFA600FEB431 /* StandardActionTests.swift */,
				73F39F331D3EE3C300DFFE62 /* StoreDispatchTests.swift */,
				259737E91C2C611600869B8F /* StoreMiddlewareTests.swift */,
				25AB3B7F1C54A79F00A41513 /* StoreSubscriberTests.swift */,
				73F39F371D3EE46A00DFFE62 /* StoreSubscriptionTests.swift */,
				625E66A61C1FFA640027C288 /* StoreTests.swift */,
				259737FA1C2C618A00869B8F /* TestFakes.swift */,
				621C068B1C278BEF008029AE /* TypeHelperTests.swift */,
				73E545D91D22BCD600D114E8 /* XCTest+Assertions.swift */,
				73723E031D30AEF3006139F0 /* XCTest+Compatibility.swift */,
			);
			path = ReSwiftTests;
			sourceTree = "<group>";
		};
		625E66B01C1FFC830027C288 /* Utils */ = {
			isa = PBXGroup;
			children = (
				73E545D41D22BC3900D114E8 /* Assertions.swift */,
				625E66B11C1FFC830027C288 /* Coding.swift */,
				625E66B21C1FFC830027C288 /* TypeHelper.swift */,
			);
			path = Utils;
			sourceTree = "<group>";
		};
		625E66B51C1FFC880027C288 /* CoreTypes */ = {
			isa = PBXGroup;
			children = (
				625E66B61C1FFC880027C288 /* Action.swift */,
				D47D2D551E32C3F50064769E /* DispatchingStoreType.swift */,
				259737FC1C2C661100869B8F /* Middleware.swift */,
				625E66B81C1FFC880027C288 /* Reducer.swift */,
				625E66B91C1FFC880027C288 /* State.swift */,
				625E66B71C1FFC880027C288 /* Store.swift */,
				625E66BB1C1FFC880027C288 /* StoreSubscriber.swift */,
				252982ED1C4FD21400281098 /* StoreType.swift */,
				81BCBECD1C63167A00AA4F03 /* Subscription.swift */,
			);
			path = CoreTypes;
			sourceTree = "<group>";
		};
		94839D2BD4CCEE6386BD477E /* Frameworks */ = {
			isa = PBXGroup;
			children = (
				B5C08F1806830A13C9006A27 /* libPods-SwiftLintIntegration.a */,
			);
			name = Frameworks;
			sourceTree = "<group>";
		};
/* End PBXGroup section */

/* Begin PBXHeadersBuildPhase section */
		25DBCF341C30BF2B00D63A58 /* Headers */ = {
			isa = PBXHeadersBuildPhase;
			buildActionMask = 2147483647;
			files = (
			);
			runOnlyForDeploymentPostprocessing = 0;
		};
		25DBCF4B1C30C18D00D63A58 /* Headers */ = {
			isa = PBXHeadersBuildPhase;
			buildActionMask = 2147483647;
			files = (
			);
			runOnlyForDeploymentPostprocessing = 0;
		};
		25DBCF781C30C4AA00D63A58 /* Headers */ = {
			isa = PBXHeadersBuildPhase;
			buildActionMask = 2147483647;
			files = (
			);
			runOnlyForDeploymentPostprocessing = 0;
		};
		625E66801C1FF97E0027C288 /* Headers */ = {
			isa = PBXHeadersBuildPhase;
			buildActionMask = 2147483647;
			files = (
				625E66871C1FF97E0027C288 /* ReSwift.h in Headers */,
			);
			runOnlyForDeploymentPostprocessing = 0;
		};
/* End PBXHeadersBuildPhase section */

/* Begin PBXNativeTarget section */
		25DBCF361C30BF2B00D63A58 /* ReSwift-watchOS */ = {
			isa = PBXNativeTarget;
			buildConfigurationList = 25DBCF3C1C30BF2B00D63A58 /* Build configuration list for PBXNativeTarget "ReSwift-watchOS" */;
			buildPhases = (
				25DBCF321C30BF2B00D63A58 /* Sources */,
				25DBCF331C30BF2B00D63A58 /* Frameworks */,
				25DBCF341C30BF2B00D63A58 /* Headers */,
				25DBCF351C30BF2B00D63A58 /* Resources */,
			);
			buildRules = (
			);
			dependencies = (
			);
			name = "ReSwift-watchOS";
			productName = "ReSwift-watchOS";
			productReference = 25DBCF371C30BF2B00D63A58 /* ReSwift.framework */;
			productType = "com.apple.product-type.framework";
		};
		25DBCF4D1C30C18D00D63A58 /* ReSwift-tvOS */ = {
			isa = PBXNativeTarget;
			buildConfigurationList = 25DBCF531C30C18D00D63A58 /* Build configuration list for PBXNativeTarget "ReSwift-tvOS" */;
			buildPhases = (
				25DBCF491C30C18D00D63A58 /* Sources */,
				25DBCF4A1C30C18D00D63A58 /* Frameworks */,
				25DBCF4B1C30C18D00D63A58 /* Headers */,
				25DBCF4C1C30C18D00D63A58 /* Resources */,
			);
			buildRules = (
			);
			dependencies = (
			);
			name = "ReSwift-tvOS";
			productName = "ReSwift-tvOS";
			productReference = 25DBCF4E1C30C18D00D63A58 /* ReSwift.framework */;
			productType = "com.apple.product-type.framework";
		};
		25DBCF631C30C1AC00D63A58 /* ReSwift-tvOSTests */ = {
			isa = PBXNativeTarget;
			buildConfigurationList = 25DBCF6C1C30C1AC00D63A58 /* Build configuration list for PBXNativeTarget "ReSwift-tvOSTests" */;
			buildPhases = (
				25DBCF601C30C1AC00D63A58 /* Sources */,
				25DBCF611C30C1AC00D63A58 /* Frameworks */,
				25DBCF621C30C1AC00D63A58 /* Resources */,
			);
			buildRules = (
			);
			dependencies = (
				25DBCF6B1C30C1AC00D63A58 /* PBXTargetDependency */,
			);
			name = "ReSwift-tvOSTests";
			productName = "ReSwift-tvOSTests";
			productReference = 25DBCF641C30C1AC00D63A58 /* ReSwift-tvOSTests.xctest */;
			productType = "com.apple.product-type.bundle.unit-test";
		};
		25DBCF7A1C30C4AA00D63A58 /* ReSwift-macOS */ = {
			isa = PBXNativeTarget;
			buildConfigurationList = 25DBCF801C30C4AA00D63A58 /* Build configuration list for PBXNativeTarget "ReSwift-macOS" */;
			buildPhases = (
				25DBCF761C30C4AA00D63A58 /* Sources */,
				25DBCF771C30C4AA00D63A58 /* Frameworks */,
				25DBCF781C30C4AA00D63A58 /* Headers */,
				25DBCF791C30C4AA00D63A58 /* Resources */,
				73E545D31D22B0D600D114E8 /* SwiftLint */,
			);
			buildRules = (
			);
			dependencies = (
			);
			name = "ReSwift-macOS";
			productName = "ReSwift-Mac";
			productReference = 25DBCF7B1C30C4AA00D63A58 /* ReSwift.framework */;
			productType = "com.apple.product-type.framework";
		};
		25DBCF861C30C4DB00D63A58 /* ReSwift-macOSTests */ = {
			isa = PBXNativeTarget;
			buildConfigurationList = 25DBCF8F1C30C4DB00D63A58 /* Build configuration list for PBXNativeTarget "ReSwift-macOSTests" */;
			buildPhases = (
				25DBCF831C30C4DB00D63A58 /* Sources */,
				25DBCF841C30C4DB00D63A58 /* Frameworks */,
				25DBCF851C30C4DB00D63A58 /* Resources */,
			);
			buildRules = (
			);
			dependencies = (
				25DBCF8E1C30C4DB00D63A58 /* PBXTargetDependency */,
			);
			name = "ReSwift-macOSTests";
			productName = "ReSwift-MacTests";
			productReference = 25DBCF871C30C4DB00D63A58 /* ReSwift-macOSTests.xctest */;
			productType = "com.apple.product-type.bundle.unit-test";
		};
		3F13C0E71E7B3E4000D8442C /* SwiftLintIntegration */ = {
			isa = PBXNativeTarget;
			buildConfigurationList = 3F13C0F21E7B3E4000D8442C /* Build configuration list for PBXNativeTarget "SwiftLintIntegration" */;
			buildPhases = (
				6012A4D4990919B303E1357A /* [CP] Check Pods Manifest.lock */,
				3F13C0E41E7B3E4000D8442C /* Sources */,
				3F13C0E51E7B3E4000D8442C /* Frameworks */,
				3F13C0E61E7B3E4000D8442C /* Resources */,
				C6C5ED535A5FCEB5648419A2 /* [CP] Embed Pods Frameworks */,
				3BED8D2D43A452D599C2F312 /* [CP] Copy Pods Resources */,
			);
			buildRules = (
			);
			dependencies = (
				3F13C0EF1E7B3E4000D8442C /* PBXTargetDependency */,
			);
			name = SwiftLintIntegration;
			productName = SwiftLintIntegration;
			productReference = 3F13C0E81E7B3E4000D8442C /* SwiftLintIntegration.xctest */;
			productType = "com.apple.product-type.bundle.unit-test";
		};
		625E66821C1FF97E0027C288 /* ReSwift-iOS */ = {
			isa = PBXNativeTarget;
			buildConfigurationList = 625E668B1C1FF97E0027C288 /* Build configuration list for PBXNativeTarget "ReSwift-iOS" */;
			buildPhases = (
				625E667E1C1FF97E0027C288 /* Sources */,
				625E667F1C1FF97E0027C288 /* Frameworks */,
				625E66801C1FF97E0027C288 /* Headers */,
				625E66811C1FF97E0027C288 /* Resources */,
				621C06541C277459008029AE /* SwiftLint */,
			);
			buildRules = (
			);
			dependencies = (
			);
			name = "ReSwift-iOS";
			productName = ReSwift;
			productReference = 625E66831C1FF97E0027C288 /* ReSwift.framework */;
			productType = "com.apple.product-type.framework";
		};
		625E66991C1FFA3C0027C288 /* ReSwift-iOSTests */ = {
			isa = PBXNativeTarget;
			buildConfigurationList = 625E66A21C1FFA3C0027C288 /* Build configuration list for PBXNativeTarget "ReSwift-iOSTests" */;
			buildPhases = (
				625E66961C1FFA3C0027C288 /* Sources */,
				625E66971C1FFA3C0027C288 /* Frameworks */,
				625E66981C1FFA3C0027C288 /* Resources */,
			);
			buildRules = (
			);
			dependencies = (
				625E66A11C1FFA3C0027C288 /* PBXTargetDependency */,
			);
			name = "ReSwift-iOSTests";
			productName = ReSwiftTests;
			productReference = 625E669A1C1FFA3C0027C288 /* ReSwift-iOSTests.xctest */;
			productType = "com.apple.product-type.bundle.unit-test";
		};
/* End PBXNativeTarget section */

/* Begin PBXProject section */
		625E667A1C1FF97E0027C288 /* Project object */ = {
			isa = PBXProject;
			attributes = {
				LastSwiftUpdateCheck = 0820;
				LastUpgradeCheck = 0810;
				ORGANIZATIONNAME = "Benjamin Encz";
				TargetAttributes = {
					25DBCF361C30BF2B00D63A58 = {
						CreatedOnToolsVersion = 7.2;
					};
					25DBCF4D1C30C18D00D63A58 = {
						CreatedOnToolsVersion = 7.2;
					};
					25DBCF631C30C1AC00D63A58 = {
						CreatedOnToolsVersion = 7.2;
					};
					25DBCF7A1C30C4AA00D63A58 = {
						CreatedOnToolsVersion = 7.2;
						LastSwiftMigration = 0800;
					};
					25DBCF861C30C4DB00D63A58 = {
						CreatedOnToolsVersion = 7.2;
						LastSwiftMigration = 0800;
					};
					3F13C0E71E7B3E4000D8442C = {
						CreatedOnToolsVersion = 8.2.1;
						ProvisioningStyle = Automatic;
					};
					625E66821C1FF97E0027C288 = {
						CreatedOnToolsVersion = 7.1.1;
					};
					625E66991C1FFA3C0027C288 = {
						CreatedOnToolsVersion = 7.1.1;
					};
				};
			};
			buildConfigurationList = 625E667D1C1FF97E0027C288 /* Build configuration list for PBXProject "ReSwift" */;
			compatibilityVersion = "Xcode 3.2";
			developmentRegion = English;
			hasScannedForEncodings = 0;
			knownRegions = (
				en,
			);
			mainGroup = 625E66791C1FF97E0027C288;
			productRefGroup = 625E66841C1FF97E0027C288 /* Products */;
			projectDirPath = "";
			projectRoot = "";
			targets = (
				625E66821C1FF97E0027C288 /* ReSwift-iOS */,
				625E66991C1FFA3C0027C288 /* ReSwift-iOSTests */,
				25DBCF7A1C30C4AA00D63A58 /* ReSwift-macOS */,
				25DBCF861C30C4DB00D63A58 /* ReSwift-macOSTests */,
				25DBCF4D1C30C18D00D63A58 /* ReSwift-tvOS */,
				25DBCF631C30C1AC00D63A58 /* ReSwift-tvOSTests */,
				25DBCF361C30BF2B00D63A58 /* ReSwift-watchOS */,
				3F13C0E71E7B3E4000D8442C /* SwiftLintIntegration */,
			);
		};
/* End PBXProject section */

/* Begin PBXResourcesBuildPhase section */
		25DBCF351C30BF2B00D63A58 /* Resources */ = {
			isa = PBXResourcesBuildPhase;
			buildActionMask = 2147483647;
			files = (
			);
			runOnlyForDeploymentPostprocessing = 0;
		};
		25DBCF4C1C30C18D00D63A58 /* Resources */ = {
			isa = PBXResourcesBuildPhase;
			buildActionMask = 2147483647;
			files = (
			);
			runOnlyForDeploymentPostprocessing = 0;
		};
		25DBCF621C30C1AC00D63A58 /* Resources */ = {
			isa = PBXResourcesBuildPhase;
			buildActionMask = 2147483647;
			files = (
			);
			runOnlyForDeploymentPostprocessing = 0;
		};
		25DBCF791C30C4AA00D63A58 /* Resources */ = {
			isa = PBXResourcesBuildPhase;
			buildActionMask = 2147483647;
			files = (
			);
			runOnlyForDeploymentPostprocessing = 0;
		};
		25DBCF851C30C4DB00D63A58 /* Resources */ = {
			isa = PBXResourcesBuildPhase;
			buildActionMask = 2147483647;
			files = (
			);
			runOnlyForDeploymentPostprocessing = 0;
		};
		3F13C0E61E7B3E4000D8442C /* Resources */ = {
			isa = PBXResourcesBuildPhase;
			buildActionMask = 2147483647;
			files = (
			);
			runOnlyForDeploymentPostprocessing = 0;
		};
		625E66811C1FF97E0027C288 /* Resources */ = {
			isa = PBXResourcesBuildPhase;
			buildActionMask = 2147483647;
			files = (
			);
			runOnlyForDeploymentPostprocessing = 0;
		};
		625E66981C1FFA3C0027C288 /* Resources */ = {
			isa = PBXResourcesBuildPhase;
			buildActionMask = 2147483647;
			files = (
			);
			runOnlyForDeploymentPostprocessing = 0;
		};
/* End PBXResourcesBuildPhase section */

/* Begin PBXShellScriptBuildPhase section */
		3BED8D2D43A452D599C2F312 /* [CP] Copy Pods Resources */ = {
			isa = PBXShellScriptBuildPhase;
			buildActionMask = 2147483647;
			files = (
			);
			inputPaths = (
			);
			name = "[CP] Copy Pods Resources";
			outputPaths = (
			);
			runOnlyForDeploymentPostprocessing = 0;
			shellPath = /bin/sh;
			shellScript = "\"${SRCROOT}/Pods/Target Support Files/Pods-SwiftLintIntegration/Pods-SwiftLintIntegration-resources.sh\"\n";
			showEnvVarsInLog = 0;
		};
		6012A4D4990919B303E1357A /* [CP] Check Pods Manifest.lock */ = {
			isa = PBXShellScriptBuildPhase;
			buildActionMask = 2147483647;
			files = (
			);
			inputPaths = (
			);
			name = "[CP] Check Pods Manifest.lock";
			outputPaths = (
			);
			runOnlyForDeploymentPostprocessing = 0;
			shellPath = /bin/sh;
			shellScript = "diff \"${PODS_ROOT}/../Podfile.lock\" \"${PODS_ROOT}/Manifest.lock\" > /dev/null\nif [ $? != 0 ] ; then\n    # print error to STDERR\n    echo \"error: The sandbox is not in sync with the Podfile.lock. Run 'pod install' or update your CocoaPods installation.\" >&2\n    exit 1\nfi\n";
			showEnvVarsInLog = 0;
		};
		621C06541C277459008029AE /* SwiftLint */ = {
			isa = PBXShellScriptBuildPhase;
			buildActionMask = 2147483647;
			files = (
			);
			inputPaths = (
			);
			name = SwiftLint;
			outputPaths = (
			);
			runOnlyForDeploymentPostprocessing = 0;
			shellPath = /bin/sh;
			shellScript = "\"$SRCROOT/BuildPhases/run-swiftlint\"";
		};
		73E545D31D22B0D600D114E8 /* SwiftLint */ = {
			isa = PBXShellScriptBuildPhase;
			buildActionMask = 2147483647;
			files = (
			);
			inputPaths = (
			);
			name = SwiftLint;
			outputPaths = (
			);
			runOnlyForDeploymentPostprocessing = 0;
			shellPath = /bin/sh;
			shellScript = "\"$SRCROOT/BuildPhases/run-swiftlint\"";
		};
		C6C5ED535A5FCEB5648419A2 /* [CP] Embed Pods Frameworks */ = {
			isa = PBXShellScriptBuildPhase;
			buildActionMask = 2147483647;
			files = (
			);
			inputPaths = (
			);
			name = "[CP] Embed Pods Frameworks";
			outputPaths = (
			);
			runOnlyForDeploymentPostprocessing = 0;
			shellPath = /bin/sh;
			shellScript = "\"${SRCROOT}/Pods/Target Support Files/Pods-SwiftLintIntegration/Pods-SwiftLintIntegration-frameworks.sh\"\n";
			showEnvVarsInLog = 0;
		};
/* End PBXShellScriptBuildPhase section */

/* Begin PBXSourcesBuildPhase section */
		25DBCF321C30BF2B00D63A58 /* Sources */ = {
			isa = PBXSourcesBuildPhase;
			buildActionMask = 2147483647;
			files = (
				25DBCF401C30C16000D63A58 /* Action.swift in Sources */,
				25DBCF411C30C16000D63A58 /* Store.swift in Sources */,
				25DBCF421C30C16000D63A58 /* Reducer.swift in Sources */,
				25DBCF431C30C16000D63A58 /* State.swift in Sources */,
				252982F11C4FD21400281098 /* StoreType.swift in Sources */,
				73E545D81D22BC3900D114E8 /* Assertions.swift in Sources */,
				81BCBED11C63167A00AA4F03 /* Subscription.swift in Sources */,
				25DBCF451C30C16000D63A58 /* StoreSubscriber.swift in Sources */,
				25DBCF461C30C16000D63A58 /* Middleware.swift in Sources */,
				25DBCF471C30C16000D63A58 /* Coding.swift in Sources */,
				D47D2D591E32C4190064769E /* DispatchingStoreType.swift in Sources */,
				25DBCF481C30C16000D63A58 /* TypeHelper.swift in Sources */,
			);
			runOnlyForDeploymentPostprocessing = 0;
		};
		25DBCF491C30C18D00D63A58 /* Sources */ = {
			isa = PBXSourcesBuildPhase;
			buildActionMask = 2147483647;
			files = (
				25DBCF571C30C19500D63A58 /* Action.swift in Sources */,
				25DBCF581C30C19500D63A58 /* Store.swift in Sources */,
				25DBCF591C30C19500D63A58 /* Reducer.swift in Sources */,
				25DBCF5A1C30C19500D63A58 /* State.swift in Sources */,
				252982F01C4FD21400281098 /* StoreType.swift in Sources */,
				73E545D71D22BC3900D114E8 /* Assertions.swift in Sources */,
				81BCBED01C63167A00AA4F03 /* Subscription.swift in Sources */,
				25DBCF5C1C30C19500D63A58 /* StoreSubscriber.swift in Sources */,
				25DBCF5D1C30C19500D63A58 /* Middleware.swift in Sources */,
				25DBCF5E1C30C19500D63A58 /* Coding.swift in Sources */,
				D47D2D581E32C4180064769E /* DispatchingStoreType.swift in Sources */,
				25DBCF5F1C30C19500D63A58 /* TypeHelper.swift in Sources */,
			);
			runOnlyForDeploymentPostprocessing = 0;
		};
		25DBCF601C30C1AC00D63A58 /* Sources */ = {
			isa = PBXSourcesBuildPhase;
			buildActionMask = 2147483647;
			files = (
				25DBCF711C30C34000D63A58 /* StoreTests.swift in Sources */,
				73F39F361D3EE3C300DFFE62 /* StoreDispatchTests.swift in Sources */,
				25AB3B831C54A84700A41513 /* StoreSubscriberTests.swift in Sources */,
				25DBCF721C30C34000D63A58 /* StoreMiddlewareTests.swift in Sources */,
				73E545DC1D22BCD600D114E8 /* XCTest+Assertions.swift in Sources */,
				73723E061D30AEF3006139F0 /* XCTest+Compatibility.swift in Sources */,
				625AA6351C33AFB800FEB431 /* StandardActionTests.swift in Sources */,
				73F39F3A1D3EE46A00DFFE62 /* StoreSubscriptionTests.swift in Sources */,
				25DBCF741C30C34000D63A58 /* TypeHelperTests.swift in Sources */,
				25DBCF751C30C34000D63A58 /* TestFakes.swift in Sources */,
			);
			runOnlyForDeploymentPostprocessing = 0;
		};
		25DBCF761C30C4AA00D63A58 /* Sources */ = {
			isa = PBXSourcesBuildPhase;
			buildActionMask = 2147483647;
			files = (
				25DBCF931C30C4F000D63A58 /* Action.swift in Sources */,
				25DBCF941C30C4F000D63A58 /* Store.swift in Sources */,
				25DBCF951C30C4F000D63A58 /* Reducer.swift in Sources */,
				25DBCF961C30C4F000D63A58 /* State.swift in Sources */,
				252982EF1C4FD21400281098 /* StoreType.swift in Sources */,
				73E545D61D22BC3900D114E8 /* Assertions.swift in Sources */,
				81BCBECF1C63167A00AA4F03 /* Subscription.swift in Sources */,
				25DBCF981C30C4F000D63A58 /* StoreSubscriber.swift in Sources */,
				25DBCF991C30C4F000D63A58 /* Middleware.swift in Sources */,
				25DBCF9A1C30C4F000D63A58 /* Coding.swift in Sources */,
				D47D2D571E32C4170064769E /* DispatchingStoreType.swift in Sources */,
				25DBCF9B1C30C4F000D63A58 /* TypeHelper.swift in Sources */,
			);
			runOnlyForDeploymentPostprocessing = 0;
		};
		25DBCF831C30C4DB00D63A58 /* Sources */ = {
			isa = PBXSourcesBuildPhase;
			buildActionMask = 2147483647;
			files = (
				25DBCF9C1C30C50000D63A58 /* StoreTests.swift in Sources */,
				73F39F351D3EE3C300DFFE62 /* StoreDispatchTests.swift in Sources */,
				25AB3B821C54A84600A41513 /* StoreSubscriberTests.swift in Sources */,
				25DBCF9D1C30C50000D63A58 /* StoreMiddlewareTests.swift in Sources */,
				73E545DB1D22BCD600D114E8 /* XCTest+Assertions.swift in Sources */,
				73723E051D30AEF3006139F0 /* XCTest+Compatibility.swift in Sources */,
				625AA6341C33AFB700FEB431 /* StandardActionTests.swift in Sources */,
				73F39F391D3EE46A00DFFE62 /* StoreSubscriptionTests.swift in Sources */,
				25DBCF9F1C30C50000D63A58 /* TypeHelperTests.swift in Sources */,
				25DBCFA01C30C50000D63A58 /* TestFakes.swift in Sources */,
			);
			runOnlyForDeploymentPostprocessing = 0;
		};
		3F13C0E41E7B3E4000D8442C /* Sources */ = {
			isa = PBXSourcesBuildPhase;
			buildActionMask = 2147483647;
			files = (
				3F13C0EB1E7B3E4000D8442C /* SwiftLintIntegration.swift in Sources */,
			);
			runOnlyForDeploymentPostprocessing = 0;
		};
		625E667E1C1FF97E0027C288 /* Sources */ = {
			isa = PBXSourcesBuildPhase;
			buildActionMask = 2147483647;
			files = (
				625E66C11C1FFC880027C288 /* StoreSubscriber.swift in Sources */,
				625E66BD1C1FFC880027C288 /* Store.swift in Sources */,
				625E66B31C1FFC830027C288 /* Coding.swift in Sources */,
				625E66BC1C1FFC880027C288 /* Action.swift in Sources */,
				259737FD1C2C661100869B8F /* Middleware.swift in Sources */,
				252982EE1C4FD21400281098 /* StoreType.swift in Sources */,
				73E545D51D22BC3900D114E8 /* Assertions.swift in Sources */,
				81BCBECE1C63167A00AA4F03 /* Subscription.swift in Sources */,
				625E66BE1C1FFC880027C288 /* Reducer.swift in Sources */,
				625E66B41C1FFC830027C288 /* TypeHelper.swift in Sources */,
				D47D2D561E32C3F50064769E /* DispatchingStoreType.swift in Sources */,
				625E66BF1C1FFC880027C288 /* State.swift in Sources */,
			);
			runOnlyForDeploymentPostprocessing = 0;
		};
		625E66961C1FFA3C0027C288 /* Sources */ = {
			isa = PBXSourcesBuildPhase;
			buildActionMask = 2147483647;
			files = (
				625E66A71C1FFA640027C288 /* StoreTests.swift in Sources */,
				73F39F341D3EE3C300DFFE62 /* StoreDispatchTests.swift in Sources */,
				25AB3B811C54A84500A41513 /* StoreSubscriberTests.swift in Sources */,
				259737FB1C2C618A00869B8F /* TestFakes.swift in Sources */,
				73E545DA1D22BCD600D114E8 /* XCTest+Assertions.swift in Sources */,
				73723E041D30AEF3006139F0 /* XCTest+Compatibility.swift in Sources */,
				625AA6331C33AFB600FEB431 /* StandardActionTests.swift in Sources */,
				73F39F381D3EE46A00DFFE62 /* StoreSubscriptionTests.swift in Sources */,
				621C068C1C278BEF008029AE /* TypeHelperTests.swift in Sources */,
				259737EA1C2C611600869B8F /* StoreMiddlewareTests.swift in Sources */,
			);
			runOnlyForDeploymentPostprocessing = 0;
		};
/* End PBXSourcesBuildPhase section */

/* Begin PBXTargetDependency section */
		25DBCF6B1C30C1AC00D63A58 /* PBXTargetDependency */ = {
			isa = PBXTargetDependency;
			target = 25DBCF4D1C30C18D00D63A58 /* ReSwift-tvOS */;
			targetProxy = 25DBCF6A1C30C1AC00D63A58 /* PBXContainerItemProxy */;
		};
		25DBCF8E1C30C4DB00D63A58 /* PBXTargetDependency */ = {
			isa = PBXTargetDependency;
			target = 25DBCF7A1C30C4AA00D63A58 /* ReSwift-macOS */;
			targetProxy = 25DBCF8D1C30C4DB00D63A58 /* PBXContainerItemProxy */;
		};
		3F13C0EF1E7B3E4000D8442C /* PBXTargetDependency */ = {
			isa = PBXTargetDependency;
			target = 625E66821C1FF97E0027C288 /* ReSwift-iOS */;
			targetProxy = 3F13C0EE1E7B3E4000D8442C /* PBXContainerItemProxy */;
		};
		625E66A11C1FFA3C0027C288 /* PBXTargetDependency */ = {
			isa = PBXTargetDependency;
			target = 625E66821C1FF97E0027C288 /* ReSwift-iOS */;
			targetProxy = 625E66A01C1FFA3C0027C288 /* PBXContainerItemProxy */;
		};
/* End PBXTargetDependency section */

/* Begin XCBuildConfiguration section */
		25DBCF3D1C30BF2B00D63A58 /* Debug */ = {
			isa = XCBuildConfiguration;
			buildSettings = {
				APPLICATION_EXTENSION_API_ONLY = YES;
				"CODE_SIGN_IDENTITY[sdk=watchos*]" = "";
				DEFINES_MODULE = YES;
				DYLIB_COMPATIBILITY_VERSION = 1;
				DYLIB_CURRENT_VERSION = 1;
				DYLIB_INSTALL_NAME_BASE = "@rpath";
				INSTALL_PATH = "$(LOCAL_LIBRARY_DIR)/Frameworks";
				LD_RUNPATH_SEARCH_PATHS = "$(inherited) @executable_path/Frameworks @loader_path/Frameworks";
				SDKROOT = watchos;
				SKIP_INSTALL = YES;
				TARGETED_DEVICE_FAMILY = 4;
			};
			name = Debug;
		};
		25DBCF3E1C30BF2B00D63A58 /* Release */ = {
			isa = XCBuildConfiguration;
			buildSettings = {
				APPLICATION_EXTENSION_API_ONLY = YES;
				"CODE_SIGN_IDENTITY[sdk=watchos*]" = "";
				DEFINES_MODULE = YES;
				DYLIB_COMPATIBILITY_VERSION = 1;
				DYLIB_CURRENT_VERSION = 1;
				DYLIB_INSTALL_NAME_BASE = "@rpath";
				INSTALL_PATH = "$(LOCAL_LIBRARY_DIR)/Frameworks";
				LD_RUNPATH_SEARCH_PATHS = "$(inherited) @executable_path/Frameworks @loader_path/Frameworks";
				SDKROOT = watchos;
				SKIP_INSTALL = YES;
				SWIFT_OPTIMIZATION_LEVEL = "-Owholemodule";
				TARGETED_DEVICE_FAMILY = 4;
			};
			name = Release;
		};
		25DBCF541C30C18D00D63A58 /* Debug */ = {
			isa = XCBuildConfiguration;
			buildSettings = {
				"CODE_SIGN_IDENTITY[sdk=appletvos*]" = "";
				DEFINES_MODULE = YES;
				DYLIB_COMPATIBILITY_VERSION = 1;
				DYLIB_CURRENT_VERSION = 1;
				DYLIB_INSTALL_NAME_BASE = "@rpath";
				INSTALL_PATH = "$(LOCAL_LIBRARY_DIR)/Frameworks";
				LD_RUNPATH_SEARCH_PATHS = "$(inherited) @executable_path/Frameworks @loader_path/Frameworks";
				SDKROOT = appletvos;
				SKIP_INSTALL = YES;
				TARGETED_DEVICE_FAMILY = 3;
			};
			name = Debug;
		};
		25DBCF551C30C18D00D63A58 /* Release */ = {
			isa = XCBuildConfiguration;
			buildSettings = {
				"CODE_SIGN_IDENTITY[sdk=appletvos*]" = "";
				DEFINES_MODULE = YES;
				DYLIB_COMPATIBILITY_VERSION = 1;
				DYLIB_CURRENT_VERSION = 1;
				DYLIB_INSTALL_NAME_BASE = "@rpath";
				INSTALL_PATH = "$(LOCAL_LIBRARY_DIR)/Frameworks";
				LD_RUNPATH_SEARCH_PATHS = "$(inherited) @executable_path/Frameworks @loader_path/Frameworks";
				SDKROOT = appletvos;
				SKIP_INSTALL = YES;
				SWIFT_OPTIMIZATION_LEVEL = "-Owholemodule";
				TARGETED_DEVICE_FAMILY = 3;
			};
			name = Release;
		};
		25DBCF6D1C30C1AC00D63A58 /* Debug */ = {
			isa = XCBuildConfiguration;
			buildSettings = {
				INFOPLIST_FILE = ReSwiftTests/Info.plist;
				LD_RUNPATH_SEARCH_PATHS = "$(inherited) @executable_path/Frameworks @loader_path/Frameworks";
				PRODUCT_BUNDLE_IDENTIFIER = "reswift.github.io.ReSwift-tvOSTests";
				PRODUCT_NAME = "$(TARGET_NAME)";
				SDKROOT = appletvos;
			};
			name = Debug;
		};
		25DBCF6E1C30C1AC00D63A58 /* Release */ = {
			isa = XCBuildConfiguration;
			buildSettings = {
				INFOPLIST_FILE = ReSwiftTests/Info.plist;
				LD_RUNPATH_SEARCH_PATHS = "$(inherited) @executable_path/Frameworks @loader_path/Frameworks";
				PRODUCT_BUNDLE_IDENTIFIER = "reswift.github.io.ReSwift-tvOSTests";
				PRODUCT_NAME = "$(TARGET_NAME)";
				SDKROOT = appletvos;
				SWIFT_OPTIMIZATION_LEVEL = "-Owholemodule";
			};
			name = Release;
		};
		25DBCF811C30C4AA00D63A58 /* Debug */ = {
			isa = XCBuildConfiguration;
			buildSettings = {
				CODE_SIGN_IDENTITY = "";
				COMBINE_HIDPI_IMAGES = YES;
				DEFINES_MODULE = YES;
				DYLIB_COMPATIBILITY_VERSION = 1;
				DYLIB_CURRENT_VERSION = 1;
				DYLIB_INSTALL_NAME_BASE = "@rpath";
				FRAMEWORK_VERSION = A;
				INSTALL_PATH = "$(LOCAL_LIBRARY_DIR)/Frameworks";
				LD_RUNPATH_SEARCH_PATHS = "$(inherited) @executable_path/../Frameworks @loader_path/Frameworks";
				SDKROOT = macosx;
				SKIP_INSTALL = YES;
			};
			name = Debug;
		};
		25DBCF821C30C4AA00D63A58 /* Release */ = {
			isa = XCBuildConfiguration;
			buildSettings = {
				CODE_SIGN_IDENTITY = "";
				COMBINE_HIDPI_IMAGES = YES;
				DEFINES_MODULE = YES;
				DYLIB_COMPATIBILITY_VERSION = 1;
				DYLIB_CURRENT_VERSION = 1;
				DYLIB_INSTALL_NAME_BASE = "@rpath";
				FRAMEWORK_VERSION = A;
				INSTALL_PATH = "$(LOCAL_LIBRARY_DIR)/Frameworks";
				LD_RUNPATH_SEARCH_PATHS = "$(inherited) @executable_path/../Frameworks @loader_path/Frameworks";
				SDKROOT = macosx;
				SKIP_INSTALL = YES;
			};
			name = Release;
		};
		25DBCF901C30C4DB00D63A58 /* Debug */ = {
			isa = XCBuildConfiguration;
			buildSettings = {
				CODE_SIGN_IDENTITY = "";
				COMBINE_HIDPI_IMAGES = YES;
				INFOPLIST_FILE = ReSwiftTests/Info.plist;
				LD_RUNPATH_SEARCH_PATHS = "$(inherited) @executable_path/../Frameworks @loader_path/../Frameworks";
				MACOSX_DEPLOYMENT_TARGET = 10.11;
				PRODUCT_BUNDLE_IDENTIFIER = "reswift.github.io.ReSwift-MacTests";
				PRODUCT_NAME = "$(TARGET_NAME)";
				SDKROOT = macosx;
			};
			name = Debug;
		};
		25DBCF911C30C4DB00D63A58 /* Release */ = {
			isa = XCBuildConfiguration;
			buildSettings = {
				CODE_SIGN_IDENTITY = "";
				COMBINE_HIDPI_IMAGES = YES;
				INFOPLIST_FILE = ReSwiftTests/Info.plist;
				LD_RUNPATH_SEARCH_PATHS = "$(inherited) @executable_path/../Frameworks @loader_path/../Frameworks";
				MACOSX_DEPLOYMENT_TARGET = 10.11;
				PRODUCT_BUNDLE_IDENTIFIER = "reswift.github.io.ReSwift-MacTests";
				PRODUCT_NAME = "$(TARGET_NAME)";
				SDKROOT = macosx;
			};
			name = Release;
		};
		3F13C0F01E7B3E4000D8442C /* Debug */ = {
			isa = XCBuildConfiguration;
			baseConfigurationReference = 8DA430622E3D093002316DB5 /* Pods-SwiftLintIntegration.debug.xcconfig */;
			buildSettings = {
				CLANG_ANALYZER_NONNULL = YES;
				CLANG_WARN_DOCUMENTATION_COMMENTS = YES;
				INFOPLIST_FILE = SwiftLintIntegration/Info.plist;
				IPHONEOS_DEPLOYMENT_TARGET = 10.2;
				LD_RUNPATH_SEARCH_PATHS = "$(inherited) @executable_path/Frameworks @loader_path/Frameworks";
				PRODUCT_BUNDLE_IDENTIFIER = reswift.github.io.ReSwift.SwiftLintIntegration;
				PRODUCT_NAME = "$(TARGET_NAME)";
				SWIFT_ACTIVE_COMPILATION_CONDITIONS = DEBUG;
				SWIFT_VERSION = 3.0;
			};
			name = Debug;
		};
		3F13C0F11E7B3E4000D8442C /* Release */ = {
			isa = XCBuildConfiguration;
			baseConfigurationReference = 5FA6CE811A62136B33F7E836 /* Pods-SwiftLintIntegration.release.xcconfig */;
			buildSettings = {
				CLANG_ANALYZER_NONNULL = YES;
				CLANG_WARN_DOCUMENTATION_COMMENTS = YES;
				INFOPLIST_FILE = SwiftLintIntegration/Info.plist;
				IPHONEOS_DEPLOYMENT_TARGET = 10.2;
				LD_RUNPATH_SEARCH_PATHS = "$(inherited) @executable_path/Frameworks @loader_path/Frameworks";
				PRODUCT_BUNDLE_IDENTIFIER = reswift.github.io.ReSwift.SwiftLintIntegration;
				PRODUCT_NAME = "$(TARGET_NAME)";
				SWIFT_VERSION = 3.0;
			};
			name = Release;
		};
		625E66891C1FF97E0027C288 /* Debug */ = {
			isa = XCBuildConfiguration;
			buildSettings = {
				ALWAYS_SEARCH_USER_PATHS = NO;
				CLANG_CXX_LANGUAGE_STANDARD = "gnu++0x";
				CLANG_CXX_LIBRARY = "libc++";
				CLANG_ENABLE_MODULES = YES;
				CLANG_ENABLE_OBJC_ARC = YES;
				CLANG_WARN_BOOL_CONVERSION = YES;
				CLANG_WARN_CONSTANT_CONVERSION = YES;
				CLANG_WARN_DIRECT_OBJC_ISA_USAGE = YES_ERROR;
				CLANG_WARN_EMPTY_BODY = YES;
				CLANG_WARN_ENUM_CONVERSION = YES;
				CLANG_WARN_INFINITE_RECURSION = YES;
				CLANG_WARN_INT_CONVERSION = YES;
				CLANG_WARN_OBJC_ROOT_CLASS = YES_ERROR;
				CLANG_WARN_SUSPICIOUS_MOVE = YES;
				CLANG_WARN_UNREACHABLE_CODE = YES;
				CLANG_WARN__DUPLICATE_METHOD_MATCH = YES;
				"CODE_SIGN_IDENTITY[sdk=iphoneos*]" = "iPhone Developer";
				COPY_PHASE_STRIP = NO;
				CURRENT_PROJECT_VERSION = 1;
				DEBUG_INFORMATION_FORMAT = dwarf;
				DEFINES_MODULE = YES;
				ENABLE_STRICT_OBJC_MSGSEND = YES;
				ENABLE_TESTABILITY = YES;
				GCC_C_LANGUAGE_STANDARD = gnu99;
				GCC_DYNAMIC_NO_PIC = NO;
				GCC_NO_COMMON_BLOCKS = YES;
				GCC_OPTIMIZATION_LEVEL = 0;
				GCC_PREPROCESSOR_DEFINITIONS = (
					"DEBUG=1",
					"$(inherited)",
				);
				GCC_WARN_64_TO_32_BIT_CONVERSION = YES;
				GCC_WARN_ABOUT_RETURN_TYPE = YES_ERROR;
				GCC_WARN_UNDECLARED_SELECTOR = YES;
				GCC_WARN_UNINITIALIZED_AUTOS = YES_AGGRESSIVE;
				GCC_WARN_UNUSED_FUNCTION = YES;
				GCC_WARN_UNUSED_VARIABLE = YES;
				INFOPLIST_FILE = ReSwift/Info.plist;
				IPHONEOS_DEPLOYMENT_TARGET = 8.0;
				MACOSX_DEPLOYMENT_TARGET = 10.10;
				MTL_ENABLE_DEBUG_INFO = YES;
				ONLY_ACTIVE_ARCH = YES;
				PRODUCT_BUNDLE_IDENTIFIER = reswift.github.io.ReSwift;
				PRODUCT_NAME = ReSwift;
				SDKROOT = iphoneos;
				SWIFT_OPTIMIZATION_LEVEL = "-Onone";
				SWIFT_VERSION = 3.0;
				TARGETED_DEVICE_FAMILY = "1,2";
				TVOS_DEPLOYMENT_TARGET = 9.0;
				VERSIONING_SYSTEM = "apple-generic";
				VERSION_INFO_PREFIX = "";
				WATCHOS_DEPLOYMENT_TARGET = 2.0;
			};
			name = Debug;
		};
		625E668A1C1FF97E0027C288 /* Release */ = {
			isa = XCBuildConfiguration;
			buildSettings = {
				ALWAYS_SEARCH_USER_PATHS = NO;
				CLANG_CXX_LANGUAGE_STANDARD = "gnu++0x";
				CLANG_CXX_LIBRARY = "libc++";
				CLANG_ENABLE_MODULES = YES;
				CLANG_ENABLE_OBJC_ARC = YES;
				CLANG_WARN_BOOL_CONVERSION = YES;
				CLANG_WARN_CONSTANT_CONVERSION = YES;
				CLANG_WARN_DIRECT_OBJC_ISA_USAGE = YES_ERROR;
				CLANG_WARN_EMPTY_BODY = YES;
				CLANG_WARN_ENUM_CONVERSION = YES;
				CLANG_WARN_INFINITE_RECURSION = YES;
				CLANG_WARN_INT_CONVERSION = YES;
				CLANG_WARN_OBJC_ROOT_CLASS = YES_ERROR;
				CLANG_WARN_SUSPICIOUS_MOVE = YES;
				CLANG_WARN_UNREACHABLE_CODE = YES;
				CLANG_WARN__DUPLICATE_METHOD_MATCH = YES;
				"CODE_SIGN_IDENTITY[sdk=iphoneos*]" = "iPhone Developer";
				COPY_PHASE_STRIP = NO;
				CURRENT_PROJECT_VERSION = 1;
				DEBUG_INFORMATION_FORMAT = "dwarf-with-dsym";
				DEFINES_MODULE = YES;
				ENABLE_NS_ASSERTIONS = NO;
				ENABLE_STRICT_OBJC_MSGSEND = YES;
				GCC_C_LANGUAGE_STANDARD = gnu99;
				GCC_NO_COMMON_BLOCKS = YES;
				GCC_WARN_64_TO_32_BIT_CONVERSION = YES;
				GCC_WARN_ABOUT_RETURN_TYPE = YES_ERROR;
				GCC_WARN_UNDECLARED_SELECTOR = YES;
				GCC_WARN_UNINITIALIZED_AUTOS = YES_AGGRESSIVE;
				GCC_WARN_UNUSED_FUNCTION = YES;
				GCC_WARN_UNUSED_VARIABLE = YES;
				INFOPLIST_FILE = ReSwift/Info.plist;
				IPHONEOS_DEPLOYMENT_TARGET = 8.0;
				MACOSX_DEPLOYMENT_TARGET = 10.10;
				MTL_ENABLE_DEBUG_INFO = NO;
				PRODUCT_BUNDLE_IDENTIFIER = reswift.github.io.ReSwift;
				PRODUCT_NAME = ReSwift;
				SDKROOT = iphoneos;
				SWIFT_OPTIMIZATION_LEVEL = "-Owholemodule";
				SWIFT_VERSION = 3.0;
				TARGETED_DEVICE_FAMILY = "1,2";
				TVOS_DEPLOYMENT_TARGET = 9.0;
				VALIDATE_PRODUCT = YES;
				VERSIONING_SYSTEM = "apple-generic";
				VERSION_INFO_PREFIX = "";
				WATCHOS_DEPLOYMENT_TARGET = 2.0;
			};
			name = Release;
		};
		625E668C1C1FF97E0027C288 /* Debug */ = {
			isa = XCBuildConfiguration;
			buildSettings = {
				CLANG_ENABLE_MODULES = YES;
				"CODE_SIGN_IDENTITY[sdk=iphoneos*]" = "";
				DEFINES_MODULE = YES;
				DYLIB_COMPATIBILITY_VERSION = 1;
				DYLIB_CURRENT_VERSION = 1;
				DYLIB_INSTALL_NAME_BASE = "@rpath";
				INSTALL_PATH = "$(LOCAL_LIBRARY_DIR)/Frameworks";
				LD_RUNPATH_SEARCH_PATHS = "$(inherited) @executable_path/Frameworks @loader_path/Frameworks";
				SKIP_INSTALL = YES;
				SWIFT_OPTIMIZATION_LEVEL = "-Onone";
			};
			name = Debug;
		};
		625E668D1C1FF97E0027C288 /* Release */ = {
			isa = XCBuildConfiguration;
			buildSettings = {
				CLANG_ENABLE_MODULES = YES;
				"CODE_SIGN_IDENTITY[sdk=iphoneos*]" = "";
				DEFINES_MODULE = YES;
				DYLIB_COMPATIBILITY_VERSION = 1;
				DYLIB_CURRENT_VERSION = 1;
				DYLIB_INSTALL_NAME_BASE = "@rpath";
				INSTALL_PATH = "$(LOCAL_LIBRARY_DIR)/Frameworks";
				LD_RUNPATH_SEARCH_PATHS = "$(inherited) @executable_path/Frameworks @loader_path/Frameworks";
				SKIP_INSTALL = YES;
				SWIFT_OPTIMIZATION_LEVEL = "-Owholemodule";
			};
			name = Release;
		};
		625E66A31C1FFA3C0027C288 /* Debug */ = {
			isa = XCBuildConfiguration;
			buildSettings = {
				CLANG_ENABLE_MODULES = YES;
				INFOPLIST_FILE = ReSwiftTests/Info.plist;
				LD_RUNPATH_SEARCH_PATHS = "$(inherited) @executable_path/Frameworks @loader_path/Frameworks";
				PRODUCT_BUNDLE_IDENTIFIER = reswift.github.io.ReSwiftTests;
				PRODUCT_NAME = "$(TARGET_NAME)";
				SWIFT_OBJC_BRIDGING_HEADER = "";
				SWIFT_OPTIMIZATION_LEVEL = "-Onone";
			};
			name = Debug;
		};
		625E66A41C1FFA3C0027C288 /* Release */ = {
			isa = XCBuildConfiguration;
			buildSettings = {
				CLANG_ENABLE_MODULES = YES;
				INFOPLIST_FILE = ReSwiftTests/Info.plist;
				LD_RUNPATH_SEARCH_PATHS = "$(inherited) @executable_path/Frameworks @loader_path/Frameworks";
				PRODUCT_BUNDLE_IDENTIFIER = reswift.github.io.ReSwiftTests;
				PRODUCT_NAME = "$(TARGET_NAME)";
				SWIFT_OBJC_BRIDGING_HEADER = "";
			};
			name = Release;
		};
/* End XCBuildConfiguration section */

/* Begin XCConfigurationList section */
		25DBCF3C1C30BF2B00D63A58 /* Build configuration list for PBXNativeTarget "ReSwift-watchOS" */ = {
			isa = XCConfigurationList;
			buildConfigurations = (
				25DBCF3D1C30BF2B00D63A58 /* Debug */,
				25DBCF3E1C30BF2B00D63A58 /* Release */,
			);
			defaultConfigurationIsVisible = 0;
			defaultConfigurationName = Release;
		};
		25DBCF531C30C18D00D63A58 /* Build configuration list for PBXNativeTarget "ReSwift-tvOS" */ = {
			isa = XCConfigurationList;
			buildConfigurations = (
				25DBCF541C30C18D00D63A58 /* Debug */,
				25DBCF551C30C18D00D63A58 /* Release */,
			);
			defaultConfigurationIsVisible = 0;
			defaultConfigurationName = Release;
		};
		25DBCF6C1C30C1AC00D63A58 /* Build configuration list for PBXNativeTarget "ReSwift-tvOSTests" */ = {
			isa = XCConfigurationList;
			buildConfigurations = (
				25DBCF6D1C30C1AC00D63A58 /* Debug */,
				25DBCF6E1C30C1AC00D63A58 /* Release */,
			);
			defaultConfigurationIsVisible = 0;
			defaultConfigurationName = Release;
		};
		25DBCF801C30C4AA00D63A58 /* Build configuration list for PBXNativeTarget "ReSwift-macOS" */ = {
			isa = XCConfigurationList;
			buildConfigurations = (
				25DBCF811C30C4AA00D63A58 /* Debug */,
				25DBCF821C30C4AA00D63A58 /* Release */,
			);
			defaultConfigurationIsVisible = 0;
			defaultConfigurationName = Release;
		};
		25DBCF8F1C30C4DB00D63A58 /* Build configuration list for PBXNativeTarget "ReSwift-macOSTests" */ = {
			isa = XCConfigurationList;
			buildConfigurations = (
				25DBCF901C30C4DB00D63A58 /* Debug */,
				25DBCF911C30C4DB00D63A58 /* Release */,
			);
			defaultConfigurationIsVisible = 0;
			defaultConfigurationName = Release;
		};
		3F13C0F21E7B3E4000D8442C /* Build configuration list for PBXNativeTarget "SwiftLintIntegration" */ = {
			isa = XCConfigurationList;
			buildConfigurations = (
				3F13C0F01E7B3E4000D8442C /* Debug */,
				3F13C0F11E7B3E4000D8442C /* Release */,
			);
			defaultConfigurationIsVisible = 0;
		};
		625E667D1C1FF97E0027C288 /* Build configuration list for PBXProject "ReSwift" */ = {
			isa = XCConfigurationList;
			buildConfigurations = (
				625E66891C1FF97E0027C288 /* Debug */,
				625E668A1C1FF97E0027C288 /* Release */,
			);
			defaultConfigurationIsVisible = 0;
			defaultConfigurationName = Release;
		};
		625E668B1C1FF97E0027C288 /* Build configuration list for PBXNativeTarget "ReSwift-iOS" */ = {
			isa = XCConfigurationList;
			buildConfigurations = (
				625E668C1C1FF97E0027C288 /* Debug */,
				625E668D1C1FF97E0027C288 /* Release */,
			);
			defaultConfigurationIsVisible = 0;
			defaultConfigurationName = Release;
		};
		625E66A21C1FFA3C0027C288 /* Build configuration list for PBXNativeTarget "ReSwift-iOSTests" */ = {
			isa = XCConfigurationList;
			buildConfigurations = (
				625E66A31C1FFA3C0027C288 /* Debug */,
				625E66A41C1FFA3C0027C288 /* Release */,
			);
			defaultConfigurationIsVisible = 0;
			defaultConfigurationName = Release;
		};
/* End XCConfigurationList section */
	};
	rootObject = 625E667A1C1FF97E0027C288 /* Project object */;
}
